
Microsoft Visual Studio Solution File, Format Version 12.00
# Visual Studio Version 16
VisualStudioVersion = 16.0.30413.136
MinimumVisualStudioVersion = 10.0.40219.1
Project("{FAE04EC0-301F-11D3-BF4B-00C04F79EFBC}") = "GeographicSubdivision.Provider", "GeographicSubdivision.Provider\GeographicSubdivision.Provider.csproj", "{823CCEC5-5648-4FA1-9107-68721BB6E669}"
EndProject
Project("{FAE04EC0-301F-11D3-BF4B-00C04F79EFBC}") = "GeographicSubdivision.Provider.Tests", "GeographicSubdivision.Provider.Tests\GeographicSubdivision.Provider.Tests.csproj", "{D6565256-96DC-4D41-BCC5-B32CC09E2CBD}"
EndProject
Project("{FAE04EC0-301F-11D3-BF4B-00C04F79EFBC}") = "QWest.DataAccess", "QWest.DataAccess\QWest.DataAccess.csproj", "{554656EB-A883-44F0-8BA4-50DDD5690474}"
EndProject
Project("{FAE04EC0-301F-11D3-BF4B-00C04F79EFBC}") = "Config", "Config\Config.csproj", "{592D5E5C-CF2A-4E38-9082-4295DAD193BD}"
EndProject
Project("{FAE04EC0-301F-11D3-BF4B-00C04F79EFBC}") = "Config.Test", "Config.Test\Config.Test.csproj", "{A02F8F30-3763-4F36-AD9D-2D8AC6FB155A}"
EndProject
Project("{FAE04EC0-301F-11D3-BF4B-00C04F79EFBC}") = "QWest.DataAccess.Tests", "QWest.DataAccess.Tests\QWest.DataAccess.Tests.csproj", "{45F9F68D-A3F6-4517-AD78-A9277FA59AE8}"
EndProject
Project("{FAE04EC0-301F-11D3-BF4B-00C04F79EFBC}") = "Model", "Model\Model.csproj", "{7ABF2E55-BC9D-4C59-A6BC-6784B3BACE82}"
EndProject
Project("{FAE04EC0-301F-11D3-BF4B-00C04F79EFBC}") = "Model.Tests", "Model.Tests\Model.Tests.csproj", "{20D0000E-ADA9-46F9-8697-A49C3C465829}"
EndProject
Project("{FAE04EC0-301F-11D3-BF4B-00C04F79EFBC}") = "Utilities", "Utilities\Utilities.csproj", "{02B753F8-BEF9-43F8-BC08-03C4735B044B}"
EndProject
Project("{9092AA53-FB77-4645-B42D-1CCCA6BD08BD}") = "QWest.Web", "QWest.Web\QWest.Web.njsproj", "{68FD0A4F-E34D-4684-A2C9-A960AFA88648}"
EndProject
Project("{FAE04EC0-301F-11D3-BF4B-00C04F79EFBC}") = "QWest.Api", "QWest.Api\QWest.Api.csproj", "{8E843440-8C70-4FBD-AFA4-C4DB59ACCAC2}"
EndProject
Project("{FAE04EC0-301F-11D3-BF4B-00C04F79EFBC}") = "EmailServer", "EmailServer\EmailServer.csproj", "{038E821C-EE89-448B-BC0F-B8C26A32B7D9}"
EndProject
Global
	GlobalSection(SolutionConfigurationPlatforms) = preSolution
		Debug|Any CPU = Debug|Any CPU
		Release|Any CPU = Release|Any CPU
	EndGlobalSection
	GlobalSection(ProjectConfigurationPlatforms) = postSolution
		{823CCEC5-5648-4FA1-9107-68721BB6E669}.Debug|Any CPU.ActiveCfg = Debug|Any CPU
		{823CCEC5-5648-4FA1-9107-68721BB6E669}.Debug|Any CPU.Build.0 = Debug|Any CPU
		{823CCEC5-5648-4FA1-9107-68721BB6E669}.Release|Any CPU.ActiveCfg = Release|Any CPU
		{823CCEC5-5648-4FA1-9107-68721BB6E669}.Release|Any CPU.Build.0 = Release|Any CPU
		{D6565256-96DC-4D41-BCC5-B32CC09E2CBD}.Debug|Any CPU.ActiveCfg = Debug|Any CPU
		{D6565256-96DC-4D41-BCC5-B32CC09E2CBD}.Debug|Any CPU.Build.0 = Debug|Any CPU
		{D6565256-96DC-4D41-BCC5-B32CC09E2CBD}.Release|Any CPU.ActiveCfg = Release|Any CPU
		{D6565256-96DC-4D41-BCC5-B32CC09E2CBD}.Release|Any CPU.Build.0 = Release|Any CPU
		{554656EB-A883-44F0-8BA4-50DDD5690474}.Debug|Any CPU.ActiveCfg = Debug|Any CPU
		{554656EB-A883-44F0-8BA4-50DDD5690474}.Debug|Any CPU.Build.0 = Debug|Any CPU
		{554656EB-A883-44F0-8BA4-50DDD5690474}.Release|Any CPU.ActiveCfg = Release|Any CPU
		{554656EB-A883-44F0-8BA4-50DDD5690474}.Release|Any CPU.Build.0 = Release|Any CPU
		{592D5E5C-CF2A-4E38-9082-4295DAD193BD}.Debug|Any CPU.ActiveCfg = Debug|Any CPU
		{592D5E5C-CF2A-4E38-9082-4295DAD193BD}.Debug|Any CPU.Build.0 = Debug|Any CPU
		{592D5E5C-CF2A-4E38-9082-4295DAD193BD}.Release|Any CPU.ActiveCfg = Release|Any CPU
		{592D5E5C-CF2A-4E38-9082-4295DAD193BD}.Release|Any CPU.Build.0 = Release|Any CPU
		{A02F8F30-3763-4F36-AD9D-2D8AC6FB155A}.Debug|Any CPU.ActiveCfg = Debug|Any CPU
		{A02F8F30-3763-4F36-AD9D-2D8AC6FB155A}.Debug|Any CPU.Build.0 = Debug|Any CPU
		{A02F8F30-3763-4F36-AD9D-2D8AC6FB155A}.Release|Any CPU.ActiveCfg = Release|Any CPU
		{A02F8F30-3763-4F36-AD9D-2D8AC6FB155A}.Release|Any CPU.Build.0 = Release|Any CPU
		{45F9F68D-A3F6-4517-AD78-A9277FA59AE8}.Debug|Any CPU.ActiveCfg = Debug|Any CPU
		{45F9F68D-A3F6-4517-AD78-A9277FA59AE8}.Debug|Any CPU.Build.0 = Debug|Any CPU
		{45F9F68D-A3F6-4517-AD78-A9277FA59AE8}.Release|Any CPU.ActiveCfg = Release|Any CPU
		{45F9F68D-A3F6-4517-AD78-A9277FA59AE8}.Release|Any CPU.Build.0 = Release|Any CPU
		{7ABF2E55-BC9D-4C59-A6BC-6784B3BACE82}.Debug|Any CPU.ActiveCfg = Debug|Any CPU
		{7ABF2E55-BC9D-4C59-A6BC-6784B3BACE82}.Debug|Any CPU.Build.0 = Debug|Any CPU
		{7ABF2E55-BC9D-4C59-A6BC-6784B3BACE82}.Release|Any CPU.ActiveCfg = Release|Any CPU
		{7ABF2E55-BC9D-4C59-A6BC-6784B3BACE82}.Release|Any CPU.Build.0 = Release|Any CPU
		{20D0000E-ADA9-46F9-8697-A49C3C465829}.Debug|Any CPU.ActiveCfg = Debug|Any CPU
		{20D0000E-ADA9-46F9-8697-A49C3C465829}.Debug|Any CPU.Build.0 = Debug|Any CPU
		{20D0000E-ADA9-46F9-8697-A49C3C465829}.Release|Any CPU.ActiveCfg = Release|Any CPU
		{20D0000E-ADA9-46F9-8697-A49C3C465829}.Release|Any CPU.Build.0 = Release|Any CPU
		{02B753F8-BEF9-43F8-BC08-03C4735B044B}.Debug|Any CPU.ActiveCfg = Debug|Any CPU
		{02B753F8-BEF9-43F8-BC08-03C4735B044B}.Debug|Any CPU.Build.0 = Debug|Any CPU
		{02B753F8-BEF9-43F8-BC08-03C4735B044B}.Release|Any CPU.ActiveCfg = Release|Any CPU
		{02B753F8-BEF9-43F8-BC08-03C4735B044B}.Release|Any CPU.Build.0 = Release|Any CPU
		{68FD0A4F-E34D-4684-A2C9-A960AFA88648}.Debug|Any CPU.ActiveCfg = Debug|Any CPU
		{68FD0A4F-E34D-4684-A2C9-A960AFA88648}.Debug|Any CPU.Build.0 = Debug|Any CPU
		{68FD0A4F-E34D-4684-A2C9-A960AFA88648}.Release|Any CPU.ActiveCfg = Release|Any CPU
		{68FD0A4F-E34D-4684-A2C9-A960AFA88648}.Release|Any CPU.Build.0 = Release|Any CPU
		{8E843440-8C70-4FBD-AFA4-C4DB59ACCAC2}.Debug|Any CPU.ActiveCfg = Debug|Any CPU
		{8E843440-8C70-4FBD-AFA4-C4DB59ACCAC2}.Debug|Any CPU.Build.0 = Debug|Any CPU
		{8E843440-8C70-4FBD-AFA4-C4DB59ACCAC2}.Release|Any CPU.ActiveCfg = Release|Any CPU
		{8E843440-8C70-4FBD-AFA4-C4DB59ACCAC2}.Release|Any CPU.Build.0 = Release|Any CPU
		{038E821C-EE89-448B-BC0F-B8C26A32B7D9}.Debug|Any CPU.ActiveCfg = Debug|Any CPU
		{038E821C-EE89-448B-BC0F-B8C26A32B7D9}.Debug|Any CPU.Build.0 = Debug|Any CPU
		{038E821C-EE89-448B-BC0F-B8C26A32B7D9}.Release|Any CPU.ActiveCfg = Release|Any CPU
		{038E821C-EE89-448B-BC0F-B8C26A32B7D9}.Release|Any CPU.Build.0 = Release|Any CPU
	EndGlobalSection
	GlobalSection(SolutionProperties) = preSolution
		HideSolutionNode = FALSE
	EndGlobalSection
	GlobalSection(ExtensibilityGlobals) = postSolution
		SolutionGuid = {4C5AA679-CD16-46E9-817C-4CA0C765DB07}
	EndGlobalSection
EndGlobal
